
Microsoft Visual Studio Solution File, Format Version 12.00
# Visual Studio Version 16
VisualStudioVersion = 16.0.31205.134
MinimumVisualStudioVersion = 10.0.40219.1
Project("{FAE04EC0-301F-11D3-BF4B-00C04F79EFBC}") = "WorriedWednesday.UWP", "WorriedWednesday\WorriedWednesday.UWP\WorriedWednesday.UWP.csproj", "{E5CF921B-E657-468B-92C2-413592FBB414}"
EndProject
Project("{FAE04EC0-301F-11D3-BF4B-00C04F79EFBC}") = "WorriedWednesday.Android", "WorriedWednesday\WorriedWednesday.Android\WorriedWednesday.Android.csproj", "{FF145033-0B99-46D1-9A53-9852C74AE0AC}"
EndProject
Project("{FAE04EC0-301F-11D3-BF4B-00C04F79EFBC}") = "WorriedWednesday.iOS", "WorriedWednesday\WorriedWednesday.iOS\WorriedWednesday.iOS.csproj", "{FE567678-3DB8-4E50-9F84-2DAABA680BAB}"
EndProject
Project("{FAE04EC0-301F-11D3-BF4B-00C04F79EFBC}") = "WorriedWednesday", "WorriedWednesday\WorriedWednesday\WorriedWednesday.csproj", "{805A8F8E-87A0-4DBF-A92A-7DA7390348ED}"
EndProject
Global
	GlobalSection(SolutionConfigurationPlatforms) = preSolution
		Debug|Any CPU = Debug|Any CPU
		Debug|ARM = Debug|ARM
		Debug|iPhone = Debug|iPhone
		Debug|iPhoneSimulator = Debug|iPhoneSimulator
		Debug|x64 = Debug|x64
		Debug|x86 = Debug|x86
		Release|Any CPU = Release|Any CPU
		Release|ARM = Release|ARM
		Release|iPhone = Release|iPhone
		Release|iPhoneSimulator = Release|iPhoneSimulator
		Release|x64 = Release|x64
		Release|x86 = Release|x86
	EndGlobalSection
	GlobalSection(ProjectConfigurationPlatforms) = postSolution
		{E5CF921B-E657-468B-92C2-413592FBB414}.Debug|Any CPU.ActiveCfg = Debug|x86
		{E5CF921B-E657-468B-92C2-413592FBB414}.Debug|Any CPU.Build.0 = Debug|x86
		{E5CF921B-E657-468B-92C2-413592FBB414}.Debug|Any CPU.Deploy.0 = Debug|x86
		{E5CF921B-E657-468B-92C2-413592FBB414}.Debug|ARM.ActiveCfg = Debug|ARM
		{E5CF921B-E657-468B-92C2-413592FBB414}.Debug|ARM.Build.0 = Debug|ARM
		{E5CF921B-E657-468B-92C2-413592FBB414}.Debug|ARM.Deploy.0 = Debug|ARM
		{E5CF921B-E657-468B-92C2-413592FBB414}.Debug|iPhone.ActiveCfg = Debug|x86
		{E5CF921B-E657-468B-92C2-413592FBB414}.Debug|iPhone.Build.0 = Debug|x86
		{E5CF921B-E657-468B-92C2-413592FBB414}.Debug|iPhone.Deploy.0 = Debug|x86
		{E5CF921B-E657-468B-92C2-413592FBB414}.Debug|iPhoneSimulator.ActiveCfg = Debug|x86
		{E5CF921B-E657-468B-92C2-413592FBB414}.Debug|iPhoneSimulator.Build.0 = Debug|x86
		{E5CF921B-E657-468B-92C2-413592FBB414}.Debug|iPhoneSimulator.Deploy.0 = Debug|x86
		{E5CF921B-E657-468B-92C2-413592FBB414}.Debug|x64.ActiveCfg = Debug|x64
		{E5CF921B-E657-468B-92C2-413592FBB414}.Debug|x64.Build.0 = Debug|x64
		{E5CF921B-E657-468B-92C2-413592FBB414}.Debug|x64.Deploy.0 = Debug|x64
		{E5CF921B-E657-468B-92C2-413592FBB414}.Debug|x86.ActiveCfg = Debug|x86
		{E5CF921B-E657-468B-92C2-413592FBB414}.Debug|x86.Build.0 = Debug|x86
		{E5CF921B-E657-468B-92C2-413592FBB414}.Debug|x86.Deploy.0 = Debug|x86
		{E5CF921B-E657-468B-92C2-413592FBB414}.Release|Any CPU.ActiveCfg = Release|x86
		{E5CF921B-E657-468B-92C2-413592FBB414}.Release|Any CPU.Build.0 = Release|x86
		{E5CF921B-E657-468B-92C2-413592FBB414}.Release|Any CPU.Deploy.0 = Release|x86
		{E5CF921B-E657-468B-92C2-413592FBB414}.Release|ARM.ActiveCfg = Release|ARM
		{E5CF921B-E657-468B-92C2-413592FBB414}.Release|ARM.Build.0 = Release|ARM
		{E5CF921B-E657-468B-92C2-413592FBB414}.Release|ARM.Deploy.0 = Release|ARM
		{E5CF921B-E657-468B-92C2-413592FBB414}.Release|iPhone.ActiveCfg = Release|x86
		{E5CF921B-E657-468B-92C2-413592FBB414}.Release|iPhone.Build.0 = Release|x86
		{E5CF921B-E657-468B-92C2-413592FBB414}.Release|iPhone.Deploy.0 = Release|x86
		{E5CF921B-E657-468B-92C2-413592FBB414}.Release|iPhoneSimulator.ActiveCfg = Release|x86
		{E5CF921B-E657-468B-92C2-413592FBB414}.Release|iPhoneSimulator.Build.0 = Release|x86
		{E5CF921B-E657-468B-92C2-413592FBB414}.Release|iPhoneSimulator.Deploy.0 = Release|x86
		{E5CF921B-E657-468B-92C2-413592FBB414}.Release|x64.ActiveCfg = Release|x64
		{E5CF921B-E657-468B-92C2-413592FBB414}.Release|x64.Build.0 = Release|x64
		{E5CF921B-E657-468B-92C2-413592FBB414}.Release|x64.Deploy.0 = Release|x64
		{E5CF921B-E657-468B-92C2-413592FBB414}.Release|x86.ActiveCfg = Release|x86
		{E5CF921B-E657-468B-92C2-413592FBB414}.Release|x86.Build.0 = Release|x86
		{E5CF921B-E657-468B-92C2-413592FBB414}.Release|x86.Deploy.0 = Release|x86
		{FF145033-0B99-46D1-9A53-9852C74AE0AC}.Debug|Any CPU.ActiveCfg = Debug|Any CPU
		{FF145033-0B99-46D1-9A53-9852C74AE0AC}.Debug|Any CPU.Build.0 = Debug|Any CPU
		{FF145033-0B99-46D1-9A53-9852C74AE0AC}.Debug|Any CPU.Deploy.0 = Debug|Any CPU
		{FF145033-0B99-46D1-9A53-9852C74AE0AC}.Debug|ARM.ActiveCfg = Debug|Any CPU
		{FF145033-0B99-46D1-9A53-9852C74AE0AC}.Debug|ARM.Build.0 = Debug|Any CPU
		{FF145033-0B99-46D1-9A53-9852C74AE0AC}.Debug|ARM.Deploy.0 = Debug|Any CPU
		{FF145033-0B99-46D1-9A53-9852C74AE0AC}.Debug|iPhone.ActiveCfg = Debug|Any CPU
		{FF145033-0B99-46D1-9A53-9852C74AE0AC}.Debug|iPhone.Build.0 = Debug|Any CPU
		{FF145033-0B99-46D1-9A53-9852C74AE0AC}.Debug|iPhone.Deploy.0 = Debug|Any CPU
		{FF145033-0B99-46D1-9A53-9852C74AE0AC}.Debug|iPhoneSimulator.ActiveCfg = Debug|Any CPU
		{FF145033-0B99-46D1-9A53-9852C74AE0AC}.Debug|iPhoneSimulator.Build.0 = Debug|Any CPU
		{FF145033-0B99-46D1-9A53-9852C74AE0AC}.Debug|iPhoneSimulator.Deploy.0 = Debug|Any CPU
		{FF145033-0B99-46D1-9A53-9852C74AE0AC}.Debug|x64.ActiveCfg = Debug|Any CPU
		{FF145033-0B99-46D1-9A53-9852C74AE0AC}.Debug|x64.Build.0 = Debug|Any CPU
		{FF145033-0B99-46D1-9A53-9852C74AE0AC}.Debug|x64.Deploy.0 = Debug|Any CPU
		{FF145033-0B99-46D1-9A53-9852C74AE0AC}.Debug|x86.ActiveCfg = Debug|Any CPU
		{FF145033-0B99-46D1-9A53-9852C74AE0AC}.Debug|x86.Build.0 = Debug|Any CPU
		{FF145033-0B99-46D1-9A53-9852C74AE0AC}.Debug|x86.Deploy.0 = Debug|Any CPU
		{FF145033-0B99-46D1-9A53-9852C74AE0AC}.Release|Any CPU.ActiveCfg = Release|Any CPU
		{FF145033-0B99-46D1-9A53-9852C74AE0AC}.Release|Any CPU.Build.0 = Release|Any CPU
		{FF145033-0B99-46D1-9A53-9852C74AE0AC}.Release|Any CPU.Deploy.0 = Release|Any CPU
		{FF145033-0B99-46D1-9A53-9852C74AE0AC}.Release|ARM.ActiveCfg = Release|Any CPU
		{FF145033-0B99-46D1-9A53-9852C74AE0AC}.Release|ARM.Build.0 = Release|Any CPU
		{FF145033-0B99-46D1-9A53-9852C74AE0AC}.Release|ARM.Deploy.0 = Release|Any CPU
		{FF145033-0B99-46D1-9A53-9852C74AE0AC}.Release|iPhone.ActiveCfg = Release|Any CPU
		{FF145033-0B99-46D1-9A53-9852C74AE0AC}.Release|iPhone.Build.0 = Release|Any CPU
		{FF145033-0B99-46D1-9A53-9852C74AE0AC}.Release|iPhone.Deploy.0 = Release|Any CPU
		{FF145033-0B99-46D1-9A53-9852C74AE0AC}.Release|iPhoneSimulator.ActiveCfg = Release|Any CPU
		{FF145033-0B99-46D1-9A53-9852C74AE0AC}.Release|iPhoneSimulator.Build.0 = Release|Any CPU
		{FF145033-0B99-46D1-9A53-9852C74AE0AC}.Release|iPhoneSimulator.Deploy.0 = Release|Any CPU
		{FF145033-0B99-46D1-9A53-9852C74AE0AC}.Release|x64.ActiveCfg = Release|Any CPU
		{FF145033-0B99-46D1-9A53-9852C74AE0AC}.Release|x64.Build.0 = Release|Any CPU
		{FF145033-0B99-46D1-9A53-9852C74AE0AC}.Release|x64.Deploy.0 = Release|Any CPU
		{FF145033-0B99-46D1-9A53-9852C74AE0AC}.Release|x86.ActiveCfg = Release|Any CPU
		{FF145033-0B99-46D1-9A53-9852C74AE0AC}.Release|x86.Build.0 = Release|Any CPU
		{FF145033-0B99-46D1-9A53-9852C74AE0AC}.Release|x86.Deploy.0 = Release|Any CPU
		{FE567678-3DB8-4E50-9F84-2DAABA680BAB}.Debug|Any CPU.ActiveCfg = Debug|iPhoneSimulator
		{FE567678-3DB8-4E50-9F84-2DAABA680BAB}.Debug|Any CPU.Build.0 = Debug|iPhoneSimulator
		{FE567678-3DB8-4E50-9F84-2DAABA680BAB}.Debug|Any CPU.Deploy.0 = Debug|iPhoneSimulator
		{FE567678-3DB8-4E50-9F84-2DAABA680BAB}.Debug|ARM.ActiveCfg = Debug|iPhone
		{FE567678-3DB8-4E50-9F84-2DAABA680BAB}.Debug|ARM.Build.0 = Debug|iPhone
		{FE567678-3DB8-4E50-9F84-2DAABA680BAB}.Debug|ARM.Deploy.0 = Debug|iPhone
		{FE567678-3DB8-4E50-9F84-2DAABA680BAB}.Debug|iPhone.ActiveCfg = Debug|iPhone
		{FE567678-3DB8-4E50-9F84-2DAABA680BAB}.Debug|iPhone.Build.0 = Debug|iPhone
		{FE567678-3DB8-4E50-9F84-2DAABA680BAB}.Debug|iPhone.Deploy.0 = Debug|iPhone
		{FE567678-3DB8-4E50-9F84-2DAABA680BAB}.Debug|iPhoneSimulator.ActiveCfg = Debug|iPhoneSimulator
		{FE567678-3DB8-4E50-9F84-2DAABA680BAB}.Debug|iPhoneSimulator.Build.0 = Debug|iPhoneSimulator
		{FE567678-3DB8-4E50-9F84-2DAABA680BAB}.Debug|iPhoneSimulator.Deploy.0 = Debug|iPhoneSimulator
		{FE567678-3DB8-4E50-9F84-2DAABA680BAB}.Debug|x64.ActiveCfg = Debug|iPhoneSimulator
		{FE567678-3DB8-4E50-9F84-2DAABA680BAB}.Debug|x64.Build.0 = Debug|iPhoneSimulator
		{FE567678-3DB8-4E50-9F84-2DAABA680BAB}.Debug|x64.Deploy.0 = Debug|iPhoneSimulator
		{FE567678-3DB8-4E50-9F84-2DAABA680BAB}.Debug|x86.ActiveCfg = Debug|iPhoneSimulator
		{FE567678-3DB8-4E50-9F84-2DAABA680BAB}.Debug|x86.Build.0 = Debug|iPhoneSimulator
		{FE567678-3DB8-4E50-9F84-2DAABA680BAB}.Debug|x86.Deploy.0 = Debug|iPhoneSimulator
		{FE567678-3DB8-4E50-9F84-2DAABA680BAB}.Release|Any CPU.ActiveCfg = Release|iPhoneSimulator
		{FE567678-3DB8-4E50-9F84-2DAABA680BAB}.Release|Any CPU.Build.0 = Release|iPhoneSimulator
		{FE567678-3DB8-4E50-9F84-2DAABA680BAB}.Release|Any CPU.Deploy.0 = Release|iPhoneSimulator
		{FE567678-3DB8-4E50-9F84-2DAABA680BAB}.Release|ARM.ActiveCfg = Release|iPhoneSimulator
		{FE567678-3DB8-4E50-9F84-2DAABA680BAB}.Release|ARM.Build.0 = Release|iPhoneSimulator
		{FE567678-3DB8-4E50-9F84-2DAABA680BAB}.Release|ARM.Deploy.0 = Release|iPhoneSimulator
		{FE567678-3DB8-4E50-9F84-2DAABA680BAB}.Release|iPhone.ActiveCfg = Release|iPhone
		{FE567678-3DB8-4E50-9F84-2DAABA680BAB}.Release|iPhone.Build.0 = Release|iPhone
		{FE567678-3DB8-4E50-9F84-2DAABA680BAB}.Release|iPhone.Deploy.0 = Release|iPhone
		{FE567678-3DB8-4E50-9F84-2DAABA680BAB}.Release|iPhoneSimulator.ActiveCfg = Release|iPhoneSimulator
		{FE567678-3DB8-4E50-9F84-2DAABA680BAB}.Release|iPhoneSimulator.Build.0 = Release|iPhoneSimulator
		{FE567678-3DB8-4E50-9F84-2DAABA680BAB}.Release|iPhoneSimulator.Deploy.0 = Release|iPhoneSimulator
		{FE567678-3DB8-4E50-9F84-2DAABA680BAB}.Release|x64.ActiveCfg = Release|iPhoneSimulator
		{FE567678-3DB8-4E50-9F84-2DAABA680BAB}.Release|x64.Build.0 = Release|iPhoneSimulator
		{FE567678-3DB8-4E50-9F84-2DAABA680BAB}.Release|x64.Deploy.0 = Release|iPhoneSimulator
		{FE567678-3DB8-4E50-9F84-2DAABA680BAB}.Release|x86.ActiveCfg = Release|iPhoneSimulator
		{FE567678-3DB8-4E50-9F84-2DAABA680BAB}.Release|x86.Build.0 = Release|iPhoneSimulator
		{FE567678-3DB8-4E50-9F84-2DAABA680BAB}.Release|x86.Deploy.0 = Release|iPhoneSimulator
		{805A8F8E-87A0-4DBF-A92A-7DA7390348ED}.Debug|Any CPU.ActiveCfg = Debug|Any CPU
		{805A8F8E-87A0-4DBF-A92A-7DA7390348ED}.Debug|Any CPU.Build.0 = Debug|Any CPU
		{805A8F8E-87A0-4DBF-A92A-7DA7390348ED}.Debug|Any CPU.Deploy.0 = Debug|Any CPU
		{805A8F8E-87A0-4DBF-A92A-7DA7390348ED}.Debug|ARM.ActiveCfg = Debug|Any CPU
		{805A8F8E-87A0-4DBF-A92A-7DA7390348ED}.Debug|ARM.Build.0 = Debug|Any CPU
		{805A8F8E-87A0-4DBF-A92A-7DA7390348ED}.Debug|ARM.Deploy.0 = Debug|Any CPU
		{805A8F8E-87A0-4DBF-A92A-7DA7390348ED}.Debug|iPhone.ActiveCfg = Debug|Any CPU
		{805A8F8E-87A0-4DBF-A92A-7DA7390348ED}.Debug|iPhone.Build.0 = Debug|Any CPU
		{805A8F8E-87A0-4DBF-A92A-7DA7390348ED}.Debug|iPhone.Deploy.0 = Debug|Any CPU
		{805A8F8E-87A0-4DBF-A92A-7DA7390348ED}.Debug|iPhoneSimulator.ActiveCfg = Debug|Any CPU
		{805A8F8E-87A0-4DBF-A92A-7DA7390348ED}.Debug|iPhoneSimulator.Build.0 = Debug|Any CPU
		{805A8F8E-87A0-4DBF-A92A-7DA7390348ED}.Debug|iPhoneSimulator.Deploy.0 = Debug|Any CPU
		{805A8F8E-87A0-4DBF-A92A-7DA7390348ED}.Debug|x64.ActiveCfg = Debug|Any CPU
		{805A8F8E-87A0-4DBF-A92A-7DA7390348ED}.Debug|x64.Build.0 = Debug|Any CPU
		{805A8F8E-87A0-4DBF-A92A-7DA7390348ED}.Debug|x64.Deploy.0 = Debug|Any CPU
		{805A8F8E-87A0-4DBF-A92A-7DA7390348ED}.Debug|x86.ActiveCfg = Debug|Any CPU
		{805A8F8E-87A0-4DBF-A92A-7DA7390348ED}.Debug|x86.Build.0 = Debug|Any CPU
		{805A8F8E-87A0-4DBF-A92A-7DA7390348ED}.Debug|x86.Deploy.0 = Debug|Any CPU
		{805A8F8E-87A0-4DBF-A92A-7DA7390348ED}.Release|Any CPU.ActiveCfg = Release|Any CPU
		{805A8F8E-87A0-4DBF-A92A-7DA7390348ED}.Release|Any CPU.Build.0 = Release|Any CPU
		{805A8F8E-87A0-4DBF-A92A-7DA7390348ED}.Release|Any CPU.Deploy.0 = Release|Any CPU
		{805A8F8E-87A0-4DBF-A92A-7DA7390348ED}.Release|ARM.ActiveCfg = Release|Any CPU
		{805A8F8E-87A0-4DBF-A92A-7DA7390348ED}.Release|ARM.Build.0 = Release|Any CPU
		{805A8F8E-87A0-4DBF-A92A-7DA7390348ED}.Release|ARM.Deploy.0 = Release|Any CPU
		{805A8F8E-87A0-4DBF-A92A-7DA7390348ED}.Release|iPhone.ActiveCfg = Release|Any CPU
		{805A8F8E-87A0-4DBF-A92A-7DA7390348ED}.Release|iPhone.Build.0 = Release|Any CPU
		{805A8F8E-87A0-4DBF-A92A-7DA7390348ED}.Release|iPhone.Deploy.0 = Release|Any CPU
		{805A8F8E-87A0-4DBF-A92A-7DA7390348ED}.Release|iPhoneSimulator.ActiveCfg = Release|Any CPU
		{805A8F8E-87A0-4DBF-A92A-7DA7390348ED}.Release|iPhoneSimulator.Build.0 = Release|Any CPU
		{805A8F8E-87A0-4DBF-A92A-7DA7390348ED}.Release|iPhoneSimulator.Deploy.0 = Release|Any CPU
		{805A8F8E-87A0-4DBF-A92A-7DA7390348ED}.Release|x64.ActiveCfg = Release|Any CPU
		{805A8F8E-87A0-4DBF-A92A-7DA7390348ED}.Release|x64.Build.0 = Release|Any CPU
		{805A8F8E-87A0-4DBF-A92A-7DA7390348ED}.Release|x64.Deploy.0 = Release|Any CPU
		{805A8F8E-87A0-4DBF-A92A-7DA7390348ED}.Release|x86.ActiveCfg = Release|Any CPU
		{805A8F8E-87A0-4DBF-A92A-7DA7390348ED}.Release|x86.Build.0 = Release|Any CPU
		{805A8F8E-87A0-4DBF-A92A-7DA7390348ED}.Release|x86.Deploy.0 = Release|Any CPU
	EndGlobalSection
	GlobalSection(SolutionProperties) = preSolution
		HideSolutionNode = FALSE
	EndGlobalSection
	GlobalSection(ExtensibilityGlobals) = postSolution
		SolutionGuid = {48ABC44E-835A-4FEB-A1BB-FD25E2A5E627}
	EndGlobalSection
EndGlobal
